
Microsoft Visual Studio Solution File, Format Version 12.00
# Visual Studio Version 17
VisualStudioVersion = 17.4.33213.308
MinimumVisualStudioVersion = 10.0.40219.1
Project("{FAE04EC0-301F-11D3-BF4B-00C04F79EFBC}") = "Pila 2", "Pila 2.csproj", "{2847AA67-BBBF-422A-B4C9-A5E8C2900AB9}"
EndProject
Global
	GlobalSection(SolutionConfigurationPlatforms) = preSolution
		Debug|Any CPU = Debug|Any CPU
		Release|Any CPU = Release|Any CPU
	EndGlobalSection
	GlobalSection(ProjectConfigurationPlatforms) = postSolution
		{2847AA67-BBBF-422A-B4C9-A5E8C2900AB9}.Debug|Any CPU.ActiveCfg = Debug|Any CPU
		{2847AA67-BBBF-422A-B4C9-A5E8C2900AB9}.Debug|Any CPU.Build.0 = Debug|Any CPU
		{2847AA67-BBBF-422A-B4C9-A5E8C2900AB9}.Release|Any CPU.ActiveCfg = Release|Any CPU
		{2847AA67-BBBF-422A-B4C9-A5E8C2900AB9}.Release|Any CPU.Build.0 = Release|Any CPU
	EndGlobalSection
	GlobalSection(SolutionProperties) = preSolution
		HideSolutionNode = FALSE
	EndGlobalSection
	GlobalSection(ExtensibilityGlobals) = postSolution
		SolutionGuid = {EDA1E266-2DBD-483E-8EE3-269696A85021}
	EndGlobalSection
EndGlobal
